
Microsoft Visual Studio Solution File, Format Version 12.00
# Visual Studio Version 16
VisualStudioVersion = 16.0.31911.196
MinimumVisualStudioVersion = 10.0.40219.1
Project("{FAE04EC0-301F-11D3-BF4B-00C04F79EFBC}") = "adqGenieNano", "adqGenieNano\adqGenieNano.csproj", "{C07C5E85-AEA7-42BB-A2EA-57403C162881}"
EndProject
Global
	GlobalSection(SolutionConfigurationPlatforms) = preSolution
		Debug|Any CPU = Debug|Any CPU
		Debug|x64 = Debug|x64
		Release|Any CPU = Release|Any CPU
		Release|x64 = Release|x64
	EndGlobalSection
	GlobalSection(ProjectConfigurationPlatforms) = postSolution
		{C07C5E85-AEA7-42BB-A2EA-57403C162881}.Debug|Any CPU.ActiveCfg = Debug|Any CPU
		{C07C5E85-AEA7-42BB-A2EA-57403C162881}.Debug|Any CPU.Build.0 = Debug|Any CPU
		{C07C5E85-AEA7-42BB-A2EA-57403C162881}.Debug|x64.ActiveCfg = Debug|x64
		{C07C5E85-AEA7-42BB-A2EA-57403C162881}.Debug|x64.Build.0 = Debug|x64
		{C07C5E85-AEA7-42BB-A2EA-57403C162881}.Release|Any CPU.ActiveCfg = Release|Any CPU
		{C07C5E85-AEA7-42BB-A2EA-57403C162881}.Release|Any CPU.Build.0 = Release|Any CPU
		{C07C5E85-AEA7-42BB-A2EA-57403C162881}.Release|x64.ActiveCfg = Release|x64
		{C07C5E85-AEA7-42BB-A2EA-57403C162881}.Release|x64.Build.0 = Release|x64
	EndGlobalSection
	GlobalSection(SolutionProperties) = preSolution
		HideSolutionNode = FALSE
	EndGlobalSection
	GlobalSection(ExtensibilityGlobals) = postSolution
		SolutionGuid = {B1F1201C-6FBC-412D-B684-F762F6EE0614}
	EndGlobalSection
EndGlobal
